{
  "nodes": {
    "nixpkgs": {
      "info": {
        "lastModified": 1590608708,
        "narHash": "sha256-DA1D8p+nu4e7iEHc45WqQLXEHFxFPowVmzAprXdxqj8="
      },
      "locked": {
        "owner": "NixOS",
        "repo": "nixpkgs",
        "rev": "ee1cc2b00b376ab4f9e78a2c75372de95a472098",
        "type": "github"
      },
      "original": {
        "id": "nixpkgs",
        "type": "indirect"
      }
    },
    "root": {
      "inputs": {
        "nixpkgs": "nixpkgs"
      }
    }
  },
  "root": "root",
  "version": 5
}
